
Microsoft Visual Studio Solution File, Format Version 12.00
# Visual Studio Version 17
VisualStudioVersion = 17.0.31903.59
MinimumVisualStudioVersion = 10.0.40219.1
Project("{FAE04EC0-301F-11D3-BF4B-00C04F79EFBC}") = "PerimeterOfSquaresInARectangle", "PerimeterOfSquaresInARectangle\PerimeterOfSquaresInARectangle.csproj", "{D509B149-39FC-45A3-91CC-ADA8432A6506}"
EndProject
Global
	GlobalSection(SolutionConfigurationPlatforms) = preSolution
		Debug|Any CPU = Debug|Any CPU
		Release|Any CPU = Release|Any CPU
	EndGlobalSection
	GlobalSection(ProjectConfigurationPlatforms) = postSolution
		{D509B149-39FC-45A3-91CC-ADA8432A6506}.Debug|Any CPU.ActiveCfg = Debug|Any CPU
		{D509B149-39FC-45A3-91CC-ADA8432A6506}.Debug|Any CPU.Build.0 = Debug|Any CPU
		{D509B149-39FC-45A3-91CC-ADA8432A6506}.Release|Any CPU.ActiveCfg = Release|Any CPU
		{D509B149-39FC-45A3-91CC-ADA8432A6506}.Release|Any CPU.Build.0 = Release|Any CPU
	EndGlobalSection
	GlobalSection(SolutionProperties) = preSolution
		HideSolutionNode = FALSE
	EndGlobalSection
	GlobalSection(ExtensibilityGlobals) = postSolution
		SolutionGuid = {3BE383B3-9057-4F29-AD3E-D09B161F6A59}
	EndGlobalSection
EndGlobal
