
Microsoft Visual Studio Solution File, Format Version 12.00
# Visual Studio Version 17
VisualStudioVersion = 17.0.31903.59
MinimumVisualStudioVersion = 10.0.40219.1
Project("{FAE04EC0-301F-11D3-BF4B-00C04F79EFBC}") = "int32ToIPv4", "int32ToIPv4\int32ToIPv4.csproj", "{F43C7796-2653-4D4F-ADF3-3F3AD77FC774}"
EndProject
Global
	GlobalSection(SolutionConfigurationPlatforms) = preSolution
		Debug|Any CPU = Debug|Any CPU
		Release|Any CPU = Release|Any CPU
	EndGlobalSection
	GlobalSection(ProjectConfigurationPlatforms) = postSolution
		{F43C7796-2653-4D4F-ADF3-3F3AD77FC774}.Debug|Any CPU.ActiveCfg = Debug|Any CPU
		{F43C7796-2653-4D4F-ADF3-3F3AD77FC774}.Debug|Any CPU.Build.0 = Debug|Any CPU
		{F43C7796-2653-4D4F-ADF3-3F3AD77FC774}.Release|Any CPU.ActiveCfg = Release|Any CPU
		{F43C7796-2653-4D4F-ADF3-3F3AD77FC774}.Release|Any CPU.Build.0 = Release|Any CPU
	EndGlobalSection
	GlobalSection(SolutionProperties) = preSolution
		HideSolutionNode = FALSE
	EndGlobalSection
	GlobalSection(ExtensibilityGlobals) = postSolution
		SolutionGuid = {A574A461-EFAA-46BB-8055-DB03B40F4503}
	EndGlobalSection
EndGlobal
